
Microsoft Visual Studio Solution File, Format Version 12.00
# Visual Studio Version 16
VisualStudioVersion = 16.0.34031.81
MinimumVisualStudioVersion = 10.0.40219.1
Project("{9A19103F-16F7-4668-BE54-9A1E7A4F7556}") = "Rocky", "Rocky\Rocky.csproj", "{B906EE82-E7C6-408C-9AC2-049B2F7743F0}"
EndProject
Project("{FAE04EC0-301F-11D3-BF4B-00C04F79EFBC}") = "Rockz_Utility", "Rockz_Utility\Rockz_Utility.csproj", "{AA67B035-B47D-4E1A-8FB5-DD3090E23B22}"
EndProject
Project("{FAE04EC0-301F-11D3-BF4B-00C04F79EFBC}") = "Rocky_Models", "Rocky_Models\Rocky_Models.csproj", "{CE697E66-26F8-44CC-BC1D-9D2F80D1CDCB}"
EndProject
Project("{FAE04EC0-301F-11D3-BF4B-00C04F79EFBC}") = "Rocky_DataAccess", "Rocky_DataAccess\Rocky_DataAccess.csproj", "{FC5E2C24-C7D1-4DED-B018-446177B223FB}"
EndProject
Global
	GlobalSection(SolutionConfigurationPlatforms) = preSolution
		Debug|Any CPU = Debug|Any CPU
		Release|Any CPU = Release|Any CPU
	EndGlobalSection
	GlobalSection(ProjectConfigurationPlatforms) = postSolution
		{B906EE82-E7C6-408C-9AC2-049B2F7743F0}.Debug|Any CPU.ActiveCfg = Debug|Any CPU
		{B906EE82-E7C6-408C-9AC2-049B2F7743F0}.Debug|Any CPU.Build.0 = Debug|Any CPU
		{B906EE82-E7C6-408C-9AC2-049B2F7743F0}.Release|Any CPU.ActiveCfg = Release|Any CPU
		{B906EE82-E7C6-408C-9AC2-049B2F7743F0}.Release|Any CPU.Build.0 = Release|Any CPU
		{AA67B035-B47D-4E1A-8FB5-DD3090E23B22}.Debug|Any CPU.ActiveCfg = Debug|Any CPU
		{AA67B035-B47D-4E1A-8FB5-DD3090E23B22}.Debug|Any CPU.Build.0 = Debug|Any CPU
		{AA67B035-B47D-4E1A-8FB5-DD3090E23B22}.Release|Any CPU.ActiveCfg = Release|Any CPU
		{AA67B035-B47D-4E1A-8FB5-DD3090E23B22}.Release|Any CPU.Build.0 = Release|Any CPU
		{CE697E66-26F8-44CC-BC1D-9D2F80D1CDCB}.Debug|Any CPU.ActiveCfg = Debug|Any CPU
		{CE697E66-26F8-44CC-BC1D-9D2F80D1CDCB}.Debug|Any CPU.Build.0 = Debug|Any CPU
		{CE697E66-26F8-44CC-BC1D-9D2F80D1CDCB}.Release|Any CPU.ActiveCfg = Release|Any CPU
		{CE697E66-26F8-44CC-BC1D-9D2F80D1CDCB}.Release|Any CPU.Build.0 = Release|Any CPU
		{FC5E2C24-C7D1-4DED-B018-446177B223FB}.Debug|Any CPU.ActiveCfg = Debug|Any CPU
		{FC5E2C24-C7D1-4DED-B018-446177B223FB}.Debug|Any CPU.Build.0 = Debug|Any CPU
		{FC5E2C24-C7D1-4DED-B018-446177B223FB}.Release|Any CPU.ActiveCfg = Release|Any CPU
		{FC5E2C24-C7D1-4DED-B018-446177B223FB}.Release|Any CPU.Build.0 = Release|Any CPU
	EndGlobalSection
	GlobalSection(SolutionProperties) = preSolution
		HideSolutionNode = FALSE
	EndGlobalSection
	GlobalSection(ExtensibilityGlobals) = postSolution
		SolutionGuid = {2A5DD94B-9154-41C7-BB1F-9C44F342757C}
	EndGlobalSection
EndGlobal
